
Microsoft Visual Studio Solution File, Format Version 12.00
# Visual Studio 15
Project("{FAE04EC0-301F-11D3-BF4B-00C04F79EFBC}") = "Assembly-CSharp", "Assembly-CSharp.csproj", "{CE2BF55F-A980-BBA6-F15D-0E7ED3B9C659}"
EndProject
Project("{FAE04EC0-301F-11D3-BF4B-00C04F79EFBC}") = "Assembly-CSharp-Editor", "Assembly-CSharp-Editor.csproj", "{6C4257ED-7498-F5DB-BBDF-D6AABEE567E6}"
EndProject
Global
	GlobalSection(SolutionConfigurationPlatforms) = preSolution
		Debug|Any CPU = Debug|Any CPU
		Release|Any CPU = Release|Any CPU
	EndGlobalSection
	GlobalSection(ProjectConfigurationPlatforms) = postSolution
		{CE2BF55F-A980-BBA6-F15D-0E7ED3B9C659}.Debug|Any CPU.ActiveCfg = Debug|Any CPU
		{CE2BF55F-A980-BBA6-F15D-0E7ED3B9C659}.Debug|Any CPU.Build.0 = Debug|Any CPU
		{CE2BF55F-A980-BBA6-F15D-0E7ED3B9C659}.Release|Any CPU.ActiveCfg = Release|Any CPU
		{CE2BF55F-A980-BBA6-F15D-0E7ED3B9C659}.Release|Any CPU.Build.0 = Release|Any CPU
		{6C4257ED-7498-F5DB-BBDF-D6AABEE567E6}.Debug|Any CPU.ActiveCfg = Debug|Any CPU
		{6C4257ED-7498-F5DB-BBDF-D6AABEE567E6}.Debug|Any CPU.Build.0 = Debug|Any CPU
		{6C4257ED-7498-F5DB-BBDF-D6AABEE567E6}.Release|Any CPU.ActiveCfg = Release|Any CPU
		{6C4257ED-7498-F5DB-BBDF-D6AABEE567E6}.Release|Any CPU.Build.0 = Release|Any CPU
	EndGlobalSection
	GlobalSection(SolutionProperties) = preSolution
		HideSolutionNode = FALSE
	EndGlobalSection
EndGlobal
